// !$*UTF8*$!
{
	archiveVersion = 1;
	classes = {
	};
	objectVersion = 50;
	objects = {

/* Begin PBXBuildFile section */
		391EF6722419A50500698B17 /* main.cpp in Sources */ = {isa = PBXBuildFile; fileRef = 391EF66F2419A50500698B17 /* main.cpp */; };
		391EF6732419A50500698B17 /* Core.cpp in Sources */ = {isa = PBXBuildFile; fileRef = 391EF6702419A50500698B17 /* Core.cpp */; };
		391EF6762419A5F000698B17 /* libcommon.a in Frameworks */ = {isa = PBXBuildFile; fileRef = 391EF6752419A5F000698B17 /* libcommon.a */; };
		391EF6782419A5F000698B17 /* libnetwork.a in Frameworks */ = {isa = PBXBuildFile; fileRef = 391EF6772419A5F000698B17 /* libnetwork.a */; };
		391EF67A2419A5F000698B17 /* libpb-common.a in Frameworks */ = {isa = PBXBuildFile; fileRef = 391EF6792419A5F000698B17 /* libpb-common.a */; };
		391EF67C2419A9B500698B17 /* libprotobuf.a in Frameworks */ = {isa = PBXBuildFile; fileRef = 391EF67B2419A9B500698B17 /* libprotobuf.a */; };
/* End PBXBuildFile section */

/* Begin PBXFileReference section */
		391EF6622419A40300698B17 /* pb-receiver-touch.plugin */ = {isa = PBXFileReference; explicitFileType = wrapper.cfbundle; includeInIndex = 0; path = "pb-receiver-touch.plugin"; sourceTree = BUILT_PRODUCTS_DIR; };
		391EF6652419A40300698B17 /* Info.plist */ = {isa = PBXFileReference; lastKnownFileType = text.plist.xml; path = Info.plist; sourceTree = "<group>"; };
		391EF66D2419A4ED00698B17 /* CPlusPlus_Common.h */ = {isa = PBXFileReference; fileEncoding = 4; lastKnownFileType = sourcecode.c.h; path = CPlusPlus_Common.h; sourceTree = "<group>"; };
		391EF66E2419A4ED00698B17 /* CHOP_CPlusPlusBase.h */ = {isa = PBXFileReference; fileEncoding = 4; lastKnownFileType = sourcecode.c.h; path = CHOP_CPlusPlusBase.h; sourceTree = "<group>"; };
		391EF66F2419A50500698B17 /* main.cpp */ = {isa = PBXFileReference; fileEncoding = 4; lastKnownFileType = sourcecode.cpp.cpp; path = main.cpp; sourceTree = "<group>"; };
		391EF6702419A50500698B17 /* Core.cpp */ = {isa = PBXFileReference; fileEncoding = 4; lastKnownFileType = sourcecode.cpp.cpp; path = Core.cpp; sourceTree = "<group>"; };
		391EF6712419A50500698B17 /* Core.hpp */ = {isa = PBXFileReference; fileEncoding = 4; lastKnownFileType = sourcecode.cpp.h; path = Core.hpp; sourceTree = "<group>"; };
		391EF6752419A5F000698B17 /* libcommon.a */ = {isa = PBXFileReference; explicitFileType = "compiled.mach-o.dylib"; path = libcommon.a; sourceTree = BUILT_PRODUCTS_DIR; };
		391EF6772419A5F000698B17 /* libnetwork.a */ = {isa = PBXFileReference; explicitFileType = "compiled.mach-o.dylib"; path = libnetwork.a; sourceTree = BUILT_PRODUCTS_DIR; };
		391EF6792419A5F000698B17 /* libpb-common.a */ = {isa = PBXFileReference; explicitFileType = "compiled.mach-o.dylib"; path = "libpb-common.a"; sourceTree = BUILT_PRODUCTS_DIR; };
		391EF67B2419A9B500698B17 /* libprotobuf.a */ = {isa = PBXFileReference; lastKnownFileType = archive.ar; name = libprotobuf.a; path = ../../../../../../usr/local/Cellar/protobuf/3.11.4/lib/libprotobuf.a; sourceTree = "<group>"; };
		391EF67D2419AA1D00698B17 /* concurrentqueue.h */ = {isa = PBXFileReference; fileEncoding = 4; lastKnownFileType = sourcecode.c.h; path = concurrentqueue.h; sourceTree = "<group>"; };
/* End PBXFileReference section */

/* Begin PBXFrameworksBuildPhase section */
		391EF65F2419A40300698B17 /* Frameworks */ = {
			isa = PBXFrameworksBuildPhase;
			buildActionMask = 2147483647;
			files = (
				391EF67C2419A9B500698B17 /* libprotobuf.a in Frameworks */,
				391EF6762419A5F000698B17 /* libcommon.a in Frameworks */,
				391EF6782419A5F000698B17 /* libnetwork.a in Frameworks */,
				391EF67A2419A5F000698B17 /* libpb-common.a in Frameworks */,
			);
			runOnlyForDeploymentPostprocessing = 0;
		};
/* End PBXFrameworksBuildPhase section */

/* Begin PBXGroup section */
		391EF6592419A40300698B17 = {
			isa = PBXGroup;
			children = (
				391EF6642419A40300698B17 /* pb-receiver-touch */,
				391EF6632419A40300698B17 /* Products */,
				391EF6742419A5F000698B17 /* Frameworks */,
			);
			sourceTree = "<group>";
		};
		391EF6632419A40300698B17 /* Products */ = {
			isa = PBXGroup;
			children = (
				391EF6622419A40300698B17 /* pb-receiver-touch.plugin */,
			);
			name = Products;
			sourceTree = "<group>";
		};
		391EF6642419A40300698B17 /* pb-receiver-touch */ = {
			isa = PBXGroup;
			children = (
				391EF6702419A50500698B17 /* Core.cpp */,
				391EF6712419A50500698B17 /* Core.hpp */,
				391EF66F2419A50500698B17 /* main.cpp */,
				391EF66C2419A4DC00698B17 /* libs */,
				391EF6652419A40300698B17 /* Info.plist */,
			);
			path = "pb-receiver-touch";
			sourceTree = "<group>";
		};
		391EF66C2419A4DC00698B17 /* libs */ = {
			isa = PBXGroup;
			children = (
				391EF67D2419AA1D00698B17 /* concurrentqueue.h */,
				391EF66E2419A4ED00698B17 /* CHOP_CPlusPlusBase.h */,
				391EF66D2419A4ED00698B17 /* CPlusPlus_Common.h */,
			);
			path = libs;
			sourceTree = "<group>";
		};
		391EF6742419A5F000698B17 /* Frameworks */ = {
			isa = PBXGroup;
			children = (
				391EF67B2419A9B500698B17 /* libprotobuf.a */,
				391EF6752419A5F000698B17 /* libcommon.a */,
				391EF6772419A5F000698B17 /* libnetwork.a */,
				391EF6792419A5F000698B17 /* libpb-common.a */,
			);
			name = Frameworks;
			sourceTree = "<group>";
		};
/* End PBXGroup section */

/* Begin PBXNativeTarget section */
		391EF6612419A40300698B17 /* pb-receiver-touch */ = {
			isa = PBXNativeTarget;
			buildConfigurationList = 391EF6682419A40300698B17 /* Build configuration list for PBXNativeTarget "pb-receiver-touch" */;
			buildPhases = (
				391EF65E2419A40300698B17 /* Sources */,
				391EF65F2419A40300698B17 /* Frameworks */,
				391EF6602419A40300698B17 /* Resources */,
			);
			buildRules = (
			);
			dependencies = (
			);
			name = "pb-receiver-touch";
			productName = "pb-receiver-touch";
			productReference = 391EF6622419A40300698B17 /* pb-receiver-touch.plugin */;
			productType = "com.apple.product-type.bundle";
		};
/* End PBXNativeTarget section */

/* Begin PBXProject section */
		391EF65A2419A40300698B17 /* Project object */ = {
			isa = PBXProject;
			attributes = {
				LastUpgradeCheck = 1130;
				ORGANIZATIONNAME = Prisme;
				TargetAttributes = {
					391EF6612419A40300698B17 = {
						CreatedOnToolsVersion = 11.3.1;
					};
				};
			};
			buildConfigurationList = 391EF65D2419A40300698B17 /* Build configuration list for PBXProject "pb-receiver-touch" */;
			compatibilityVersion = "Xcode 9.3";
			developmentRegion = en;
			hasScannedForEncodings = 0;
			knownRegions = (
				en,
				Base,
			);
			mainGroup = 391EF6592419A40300698B17;
			productRefGroup = 391EF6632419A40300698B17 /* Products */;
			projectDirPath = "";
			projectRoot = "";
			targets = (
				391EF6612419A40300698B17 /* pb-receiver-touch */,
			);
		};
/* End PBXProject section */

/* Begin PBXResourcesBuildPhase section */
		391EF6602419A40300698B17 /* Resources */ = {
			isa = PBXResourcesBuildPhase;
			buildActionMask = 2147483647;
			files = (
			);
			runOnlyForDeploymentPostprocessing = 0;
		};
/* End PBXResourcesBuildPhase section */

/* Begin PBXSourcesBuildPhase section */
		391EF65E2419A40300698B17 /* Sources */ = {
			isa = PBXSourcesBuildPhase;
			buildActionMask = 2147483647;
			files = (
				391EF6732419A50500698B17 /* Core.cpp in Sources */,
				391EF6722419A50500698B17 /* main.cpp in Sources */,
			);
			runOnlyForDeploymentPostprocessing = 0;
		};
/* End PBXSourcesBuildPhase section */

/* Begin XCBuildConfiguration section */
		391EF6662419A40300698B17 /* Debug */ = {
			isa = XCBuildConfiguration;
			buildSettings = {
				ALWAYS_SEARCH_USER_PATHS = NO;
				CLANG_ANALYZER_NONNULL = YES;
				CLANG_ANALYZER_NUMBER_OBJECT_CONVERSION = YES_AGGRESSIVE;
				CLANG_CXX_LANGUAGE_STANDARD = "gnu++14";
				CLANG_CXX_LIBRARY = "libc++";
				CLANG_ENABLE_MODULES = YES;
				CLANG_ENABLE_OBJC_ARC = YES;
				CLANG_ENABLE_OBJC_WEAK = YES;
				CLANG_WARN_BLOCK_CAPTURE_AUTORELEASING = YES;
				CLANG_WARN_BOOL_CONVERSION = YES;
				CLANG_WARN_COMMA = YES;
				CLANG_WARN_CONSTANT_CONVERSION = YES;
				CLANG_WARN_DEPRECATED_OBJC_IMPLEMENTATIONS = YES;
				CLANG_WARN_DIRECT_OBJC_ISA_USAGE = YES_ERROR;
				CLANG_WARN_DOCUMENTATION_COMMENTS = YES;
				CLANG_WARN_EMPTY_BODY = YES;
				CLANG_WARN_ENUM_CONVERSION = YES;
				CLANG_WARN_INFINITE_RECURSION = YES;
				CLANG_WARN_INT_CONVERSION = YES;
				CLANG_WARN_NON_LITERAL_NULL_CONVERSION = YES;
				CLANG_WARN_OBJC_IMPLICIT_RETAIN_SELF = YES;
				CLANG_WARN_OBJC_LITERAL_CONVERSION = YES;
				CLANG_WARN_OBJC_ROOT_CLASS = YES_ERROR;
				CLANG_WARN_RANGE_LOOP_ANALYSIS = YES;
				CLANG_WARN_STRICT_PROTOTYPES = YES;
				CLANG_WARN_SUSPICIOUS_MOVE = YES;
				CLANG_WARN_UNGUARDED_AVAILABILITY = YES_AGGRESSIVE;
				CLANG_WARN_UNREACHABLE_CODE = YES;
				CLANG_WARN__DUPLICATE_METHOD_MATCH = YES;
				COPY_PHASE_STRIP = NO;
				DEBUG_INFORMATION_FORMAT = dwarf;
				ENABLE_STRICT_OBJC_MSGSEND = YES;
				ENABLE_TESTABILITY = YES;
				GCC_C_LANGUAGE_STANDARD = gnu11;
				GCC_DYNAMIC_NO_PIC = NO;
				GCC_NO_COMMON_BLOCKS = YES;
				GCC_OPTIMIZATION_LEVEL = 0;
				GCC_PREPROCESSOR_DEFINITIONS = (
					"DEBUG=1",
					"$(inherited)",
				);
				GCC_WARN_64_TO_32_BIT_CONVERSION = YES;
				GCC_WARN_ABOUT_RETURN_TYPE = YES_ERROR;
				GCC_WARN_UNDECLARED_SELECTOR = YES;
				GCC_WARN_UNINITIALIZED_AUTOS = YES_AGGRESSIVE;
				GCC_WARN_UNUSED_FUNCTION = YES;
				GCC_WARN_UNUSED_VARIABLE = YES;
				MACOSX_DEPLOYMENT_TARGET = 10.15;
				MTL_ENABLE_DEBUG_INFO = INCLUDE_SOURCE;
				MTL_FAST_MATH = YES;
				ONLY_ACTIVE_ARCH = YES;
				SDKROOT = macosx;
			};
			name = Debug;
		};
		391EF6672419A40300698B17 /* Release */ = {
			isa = XCBuildConfiguration;
			buildSettings = {
				ALWAYS_SEARCH_USER_PATHS = NO;
				CLANG_ANALYZER_NONNULL = YES;
				CLANG_ANALYZER_NUMBER_OBJECT_CONVERSION = YES_AGGRESSIVE;
				CLANG_CXX_LANGUAGE_STANDARD = "gnu++14";
				CLANG_CXX_LIBRARY = "libc++";
				CLANG_ENABLE_MODULES = YES;
				CLANG_ENABLE_OBJC_ARC = YES;
				CLANG_ENABLE_OBJC_WEAK = YES;
				CLANG_WARN_BLOCK_CAPTURE_AUTORELEASING = YES;
				CLANG_WARN_BOOL_CONVERSION = YES;
				CLANG_WARN_COMMA = YES;
				CLANG_WARN_CONSTANT_CONVERSION = YES;
				CLANG_WARN_DEPRECATED_OBJC_IMPLEMENTATIONS = YES;
				CLANG_WARN_DIRECT_OBJC_ISA_USAGE = YES_ERROR;
				CLANG_WARN_DOCUMENTATION_COMMENTS = YES;
				CLANG_WARN_EMPTY_BODY = YES;
				CLANG_WARN_ENUM_CONVERSION = YES;
				CLANG_WARN_INFINITE_RECURSION = YES;
				CLANG_WARN_INT_CONVERSION = YES;
				CLANG_WARN_NON_LITERAL_NULL_CONVERSION = YES;
				CLANG_WARN_OBJC_IMPLICIT_RETAIN_SELF = YES;
				CLANG_WARN_OBJC_LITERAL_CONVERSION = YES;
				CLANG_WARN_OBJC_ROOT_CLASS = YES_ERROR;
				CLANG_WARN_RANGE_LOOP_ANALYSIS = YES;
				CLANG_WARN_STRICT_PROTOTYPES = YES;
				CLANG_WARN_SUSPICIOUS_MOVE = YES;
				CLANG_WARN_UNGUARDED_AVAILABILITY = YES_AGGRESSIVE;
				CLANG_WARN_UNREACHABLE_CODE = YES;
				CLANG_WARN__DUPLICATE_METHOD_MATCH = YES;
				COPY_PHASE_STRIP = NO;
				DEBUG_INFORMATION_FORMAT = "dwarf-with-dsym";
				ENABLE_NS_ASSERTIONS = NO;
				ENABLE_STRICT_OBJC_MSGSEND = YES;
				GCC_C_LANGUAGE_STANDARD = gnu11;
				GCC_NO_COMMON_BLOCKS = YES;
				GCC_WARN_64_TO_32_BIT_CONVERSION = YES;
				GCC_WARN_ABOUT_RETURN_TYPE = YES_ERROR;
				GCC_WARN_UNDECLARED_SELECTOR = YES;
				GCC_WARN_UNINITIALIZED_AUTOS = YES_AGGRESSIVE;
				GCC_WARN_UNUSED_FUNCTION = YES;
				GCC_WARN_UNUSED_VARIABLE = YES;
				MACOSX_DEPLOYMENT_TARGET = 10.15;
				MTL_ENABLE_DEBUG_INFO = NO;
				MTL_FAST_MATH = YES;
				SDKROOT = macosx;
			};
			name = Release;
		};
		391EF6692419A40300698B17 /* Debug */ = {
			isa = XCBuildConfiguration;
			buildSettings = {
				CODE_SIGN_STYLE = Automatic;
				COMBINE_HIDPI_IMAGES = YES;
				DEVELOPMENT_TEAM = KJ993GM677;
				INFOPLIST_FILE = "pb-receiver-touch/Info.plist";
				INSTALL_PATH = "$(LOCAL_LIBRARY_DIR)/Bundles";
				LIBRARY_SEARCH_PATHS = (
					/usr/local/Cellar/protobuf/3.11.4/lib,
					/usr/local/lib,
					/usr/local/Cellar/boost/1.72.0/lib,
				);
				PRODUCT_BUNDLE_IDENTIFIER = "prisme.pb-receiver-touch";
				PRODUCT_NAME = "$(TARGET_NAME)";
				SKIP_INSTALL = YES;
				SYSTEM_HEADER_SEARCH_PATHS = /usr/local/include;
				WRAPPER_EXTENSION = plugin;
			};
			name = Debug;
		};
		391EF66A2419A40300698B17 /* Release */ = {
			isa = XCBuildConfiguration;
			buildSettings = {
				CODE_SIGN_STYLE = Automatic;
				COMBINE_HIDPI_IMAGES = YES;
				DEVELOPMENT_TEAM = KJ993GM677;
				INFOPLIST_FILE = "pb-receiver-touch/Info.plist";
				INSTALL_PATH = "$(LOCAL_LIBRARY_DIR)/Bundles";
				LIBRARY_SEARCH_PATHS = (
					/usr/local/Cellar/protobuf/3.11.4/lib,
					/usr/local/lib,
					/usr/local/Cellar/boost/1.72.0/lib,
				);
				PRODUCT_BUNDLE_IDENTIFIER = "prisme.pb-receiver-touch";
				PRODUCT_NAME = "$(TARGET_NAME)";
				SKIP_INSTALL = YES;
				SYSTEM_HEADER_SEARCH_PATHS = /usr/local/include;
				WRAPPER_EXTENSION = plugin;
			};
			name = Release;
		};
/* End XCBuildConfiguration section */

/* Begin XCConfigurationList section */
		391EF65D2419A40300698B17 /* Build configuration list for PBXProject "pb-receiver-touch" */ = {
			isa = XCConfigurationList;
			buildConfigurations = (
				391EF6662419A40300698B17 /* Debug */,
				391EF6672419A40300698B17 /* Release */,
			);
			defaultConfigurationIsVisible = 0;
			defaultConfigurationName = Release;
		};
		391EF6682419A40300698B17 /* Build configuration list for PBXNativeTarget "pb-receiver-touch" */ = {
			isa = XCConfigurationList;
			buildConfigurations = (
				391EF6692419A40300698B17 /* Debug */,
				391EF66A2419A40300698B17 /* Release */,
			);
			defaultConfigurationIsVisible = 0;
			defaultConfigurationName = Release;
		};
/* End XCConfigurationList section */
	};
	rootObject = 391EF65A2419A40300698B17 /* Project object */;
}
